// !$*UTF8*$!
{
	archiveVersion = 1;
	classes = {
	};
	objectVersion = 51;
	objects = {

/* Begin PBXBuildFile section */
		30F557066B050037D21B3C92 /* Pods_MovieWorld.framework in Frameworks */ = {isa = PBXBuildFile; fileRef = 59C6FC7A90A130B102354A99 /* Pods_MovieWorld.framework */; };
		5009CAF623F97AA4003758C8 /* Colors.xcassets in Resources */ = {isa = PBXBuildFile; fileRef = 5009CAF523F97AA4003758C8 /* Colors.xcassets */; };
		5016A3892413ECEF0045E9B2 /* MWConfiguration.swift in Sources */ = {isa = PBXBuildFile; fileRef = 5016A3882413ECEF0045E9B2 /* MWConfiguration.swift */; };
		5019069F240BB039008D1009 /* String+Ex.swift in Sources */ = {isa = PBXBuildFile; fileRef = 5019069E240BB039008D1009 /* String+Ex.swift */; };
		501906A3240BB1A8008D1009 /* MWNetwork.swift in Sources */ = {isa = PBXBuildFile; fileRef = 501906A2240BB1A8008D1009 /* MWNetwork.swift */; };
		502070FF241127EC002C2C2E /* MWShow.swift in Sources */ = {isa = PBXBuildFile; fileRef = 502070FE241127EC002C2C2E /* MWShow.swift */; };
		50213C4A2414058D007C7D15 /* MWInitController.swift in Sources */ = {isa = PBXBuildFile; fileRef = 50213C492414058D007C7D15 /* MWInitController.swift */; };
		507F690D240B85C600564DEC /* MWCollectionViewCell.swift in Sources */ = {isa = PBXBuildFile; fileRef = 507F690C240B85C600564DEC /* MWCollectionViewCell.swift */; };
		507F690F240B892E00564DEC /* MWCollectionTableViewCell.swift in Sources */ = {isa = PBXBuildFile; fileRef = 507F690E240B892E00564DEC /* MWCollectionTableViewCell.swift */; };
		50C713C623F96DC20043F2D1 /* MWCardView.swift in Sources */ = {isa = PBXBuildFile; fileRef = 50C713C523F96DC20043F2D1 /* MWCardView.swift */; };
		50CAB43124057946005AB8AF /* MWRoundedButton.swift in Sources */ = {isa = PBXBuildFile; fileRef = 50CAB43024057946005AB8AF /* MWRoundedButton.swift */; };
		50CAB43324057B47005AB8AF /* MWMovie.swift in Sources */ = {isa = PBXBuildFile; fileRef = 50CAB43224057B47005AB8AF /* MWMovie.swift */; };
		50CAB43524058128005AB8AF /* MWTableViewHeader.swift in Sources */ = {isa = PBXBuildFile; fileRef = 50CAB43424058128005AB8AF /* MWTableViewHeader.swift */; };
		50E10E70240165BA00F774F9 /* MWInterface.swift in Sources */ = {isa = PBXBuildFile; fileRef = 50E10E6F240165BA00F774F9 /* MWInterface.swift */; };
		50E10E722401684100F774F9 /* MWMainTabBarController.swift in Sources */ = {isa = PBXBuildFile; fileRef = 50E10E712401684100F774F9 /* MWMainTabBarController.swift */; };
		50E10E742401688800F774F9 /* MWMainViewController.swift in Sources */ = {isa = PBXBuildFile; fileRef = 50E10E732401688800F774F9 /* MWMainViewController.swift */; };
		50E10E762401689A00F774F9 /* MWCategoryViewController.swift in Sources */ = {isa = PBXBuildFile; fileRef = 50E10E752401689A00F774F9 /* MWCategoryViewController.swift */; };
		50E10E78240168B000F774F9 /* MWSearchViewController.swift in Sources */ = {isa = PBXBuildFile; fileRef = 50E10E77240168B000F774F9 /* MWSearchViewController.swift */; };
		50E10E7B2401860D00F774F9 /* MWTitleArrowCell.swift in Sources */ = {isa = PBXBuildFile; fileRef = 50E10E7A2401860D00F774F9 /* MWTitleArrowCell.swift */; };
		50F700E623F7AEE00029A997 /* AppDelegate.swift in Sources */ = {isa = PBXBuildFile; fileRef = 50F700E523F7AEE00029A997 /* AppDelegate.swift */; };
		50F700EA23F7AEE00029A997 /* MWViewController.swift in Sources */ = {isa = PBXBuildFile; fileRef = 50F700E923F7AEE00029A997 /* MWViewController.swift */; };
		50F700EF23F7AEE20029A997 /* Assets.xcassets in Resources */ = {isa = PBXBuildFile; fileRef = 50F700EE23F7AEE20029A997 /* Assets.xcassets */; };
		50F700F223F7AEE20029A997 /* LaunchScreen.storyboard in Resources */ = {isa = PBXBuildFile; fileRef = 50F700F023F7AEE20029A997 /* LaunchScreen.storyboard */; };
/* End PBXBuildFile section */

/* Begin PBXFileReference section */
		36A3E57DB34D6042BDC136E4 /* Pods-MovieWorld.release.xcconfig */ = {isa = PBXFileReference; includeInIndex = 1; lastKnownFileType = text.xcconfig; name = "Pods-MovieWorld.release.xcconfig"; path = "Target Support Files/Pods-MovieWorld/Pods-MovieWorld.release.xcconfig"; sourceTree = "<group>"; };
		3BCBB235D6CABA58FB477A8D /* Pods-MovieWorld.debug.xcconfig */ = {isa = PBXFileReference; includeInIndex = 1; lastKnownFileType = text.xcconfig; name = "Pods-MovieWorld.debug.xcconfig"; path = "Target Support Files/Pods-MovieWorld/Pods-MovieWorld.debug.xcconfig"; sourceTree = "<group>"; };
		5009CAF523F97AA4003758C8 /* Colors.xcassets */ = {isa = PBXFileReference; lastKnownFileType = folder.assetcatalog; path = Colors.xcassets; sourceTree = "<group>"; };
		5016A3882413ECEF0045E9B2 /* MWConfiguration.swift */ = {isa = PBXFileReference; lastKnownFileType = sourcecode.swift; path = MWConfiguration.swift; sourceTree = "<group>"; };
		5019069E240BB039008D1009 /* String+Ex.swift */ = {isa = PBXFileReference; lastKnownFileType = sourcecode.swift; path = "String+Ex.swift"; sourceTree = "<group>"; };
		501906A2240BB1A8008D1009 /* MWNetwork.swift */ = {isa = PBXFileReference; lastKnownFileType = sourcecode.swift; path = MWNetwork.swift; sourceTree = "<group>"; };
		502070FE241127EC002C2C2E /* MWShow.swift */ = {isa = PBXFileReference; lastKnownFileType = sourcecode.swift; path = MWShow.swift; sourceTree = "<group>"; };
		50213C492414058D007C7D15 /* MWInitController.swift */ = {isa = PBXFileReference; lastKnownFileType = sourcecode.swift; path = MWInitController.swift; sourceTree = "<group>"; };
		507F690C240B85C600564DEC /* MWCollectionViewCell.swift */ = {isa = PBXFileReference; lastKnownFileType = sourcecode.swift; path = MWCollectionViewCell.swift; sourceTree = "<group>"; };
		507F690E240B892E00564DEC /* MWCollectionTableViewCell.swift */ = {isa = PBXFileReference; lastKnownFileType = sourcecode.swift; path = MWCollectionTableViewCell.swift; sourceTree = "<group>"; };
		50C713C523F96DC20043F2D1 /* MWCardView.swift */ = {isa = PBXFileReference; lastKnownFileType = sourcecode.swift; path = MWCardView.swift; sourceTree = "<group>"; };
		50CAB43024057946005AB8AF /* MWRoundedButton.swift */ = {isa = PBXFileReference; lastKnownFileType = sourcecode.swift; path = MWRoundedButton.swift; sourceTree = "<group>"; };
		50CAB43224057B47005AB8AF /* MWMovie.swift */ = {isa = PBXFileReference; lastKnownFileType = sourcecode.swift; path = MWMovie.swift; sourceTree = "<group>"; };
		50CAB43424058128005AB8AF /* MWTableViewHeader.swift */ = {isa = PBXFileReference; lastKnownFileType = sourcecode.swift; path = MWTableViewHeader.swift; sourceTree = "<group>"; };
		50E10E6F240165BA00F774F9 /* MWInterface.swift */ = {isa = PBXFileReference; lastKnownFileType = sourcecode.swift; path = MWInterface.swift; sourceTree = "<group>"; };
		50E10E712401684100F774F9 /* MWMainTabBarController.swift */ = {isa = PBXFileReference; lastKnownFileType = sourcecode.swift; path = MWMainTabBarController.swift; sourceTree = "<group>"; };
		50E10E732401688800F774F9 /* MWMainViewController.swift */ = {isa = PBXFileReference; lastKnownFileType = sourcecode.swift; path = MWMainViewController.swift; sourceTree = "<group>"; };
		50E10E752401689A00F774F9 /* MWCategoryViewController.swift */ = {isa = PBXFileReference; lastKnownFileType = sourcecode.swift; path = MWCategoryViewController.swift; sourceTree = "<group>"; };
		50E10E77240168B000F774F9 /* MWSearchViewController.swift */ = {isa = PBXFileReference; lastKnownFileType = sourcecode.swift; path = MWSearchViewController.swift; sourceTree = "<group>"; };
		50E10E7A2401860D00F774F9 /* MWTitleArrowCell.swift */ = {isa = PBXFileReference; lastKnownFileType = sourcecode.swift; path = MWTitleArrowCell.swift; sourceTree = "<group>"; };
		50F700E223F7AEE00029A997 /* MovieWorld.app */ = {isa = PBXFileReference; explicitFileType = wrapper.application; includeInIndex = 0; path = MovieWorld.app; sourceTree = BUILT_PRODUCTS_DIR; };
		50F700E523F7AEE00029A997 /* AppDelegate.swift */ = {isa = PBXFileReference; lastKnownFileType = sourcecode.swift; path = AppDelegate.swift; sourceTree = "<group>"; };
		50F700E923F7AEE00029A997 /* MWViewController.swift */ = {isa = PBXFileReference; lastKnownFileType = sourcecode.swift; path = MWViewController.swift; sourceTree = "<group>"; };
		50F700EE23F7AEE20029A997 /* Assets.xcassets */ = {isa = PBXFileReference; lastKnownFileType = folder.assetcatalog; path = Assets.xcassets; sourceTree = "<group>"; };
		50F700F123F7AEE20029A997 /* Base */ = {isa = PBXFileReference; lastKnownFileType = file.storyboard; name = Base; path = Base.lproj/LaunchScreen.storyboard; sourceTree = "<group>"; };
		50F700F323F7AEE20029A997 /* Info.plist */ = {isa = PBXFileReference; lastKnownFileType = text.plist.xml; path = Info.plist; sourceTree = "<group>"; };
		59C6FC7A90A130B102354A99 /* Pods_MovieWorld.framework */ = {isa = PBXFileReference; explicitFileType = wrapper.framework; includeInIndex = 0; path = Pods_MovieWorld.framework; sourceTree = BUILT_PRODUCTS_DIR; };
/* End PBXFileReference section */

/* Begin PBXFrameworksBuildPhase section */
		50F700DF23F7AEE00029A997 /* Frameworks */ = {
			isa = PBXFrameworksBuildPhase;
			buildActionMask = 2147483647;
			files = (
				30F557066B050037D21B3C92 /* Pods_MovieWorld.framework in Frameworks */,
			);
			runOnlyForDeploymentPostprocessing = 0;
		};
/* End PBXFrameworksBuildPhase section */

/* Begin PBXGroup section */
		500A3A8D23F98A61004A29DE /* Controllers */ = {
			isa = PBXGroup;
			children = (
				50E10E732401688800F774F9 /* MWMainViewController.swift */,
			);
			path = Controllers;
			sourceTree = "<group>";
		};
		500A3A8E23F98A74004A29DE /* Resources */ = {
			isa = PBXGroup;
			children = (
				50F700EE23F7AEE20029A997 /* Assets.xcassets */,
				5009CAF523F97AA4003758C8 /* Colors.xcassets */,
				50F700F023F7AEE20029A997 /* LaunchScreen.storyboard */,
			);
			path = Resources;
			sourceTree = "<group>";
		};
		506EC40724015C8A0020240A /* Common */ = {
			isa = PBXGroup;
			children = (
				506EC40824015C9B0020240A /* Navigation */,
				506EC40924015CA60020240A /* Controllers */,
				506EC40A24015CB20020240A /* Controls */,
			);
			path = Common;
			sourceTree = "<group>";
		};
		506EC40824015C9B0020240A /* Navigation */ = {
			isa = PBXGroup;
			children = (
				50E10E6F240165BA00F774F9 /* MWInterface.swift */,
			);
			path = Navigation;
			sourceTree = "<group>";
		};
		506EC40924015CA60020240A /* Controllers */ = {
			isa = PBXGroup;
			children = (
				50F700E923F7AEE00029A997 /* MWViewController.swift */,
				50E10E712401684100F774F9 /* MWMainTabBarController.swift */,
				50213C492414058D007C7D15 /* MWInitController.swift */,
			);
			path = Controllers;
			sourceTree = "<group>";
		};
		506EC40A24015CB20020240A /* Controls */ = {
			isa = PBXGroup;
			children = (
				50CAB42F24057929005AB8AF /* Buttons */,
				50E10E792401835200F774F9 /* Cells */,
				506EC4192401604E0020240A /* Views */,
			);
			path = Controls;
			sourceTree = "<group>";
		};
		506EC40B24015CF80020240A /* Extensions */ = {
			isa = PBXGroup;
			children = (
				5019069E240BB039008D1009 /* String+Ex.swift */,
			);
			path = Extensions;
			sourceTree = "<group>";
		};
		506EC40D24015D110020240A /* Utility */ = {
			isa = PBXGroup;
			children = (
				501906A2240BB1A8008D1009 /* MWNetwork.swift */,
				5016A3882413ECEF0045E9B2 /* MWConfiguration.swift */,
			);
			path = Utility;
			sourceTree = "<group>";
		};
		506EC40E24015D3B0020240A /* Features */ = {
			isa = PBXGroup;
			children = (
				506EC41124015D5A0020240A /* Main */,
				506EC41024015D520020240A /* Category */,
				506EC40F24015D4A0020240A /* Search */,
			);
			path = Features;
			sourceTree = "<group>";
		};
		506EC40F24015D4A0020240A /* Search */ = {
			isa = PBXGroup;
			children = (
				506EC41524015DA90020240A /* Views */,
				506EC41424015DA20020240A /* Controllers */,
			);
			path = Search;
			sourceTree = "<group>";
		};
		506EC41024015D520020240A /* Category */ = {
			isa = PBXGroup;
			children = (
				506EC41824015DBF0020240A /* Views */,
				506EC41724015DB90020240A /* Controllers */,
			);
			path = Category;
			sourceTree = "<group>";
		};
		506EC41124015D5A0020240A /* Main */ = {
			isa = PBXGroup;
			children = (
				506EC41224015D850020240A /* Models */,
				506EC41324015D8C0020240A /* Views */,
				500A3A8D23F98A61004A29DE /* Controllers */,
			);
			path = Main;
			sourceTree = "<group>";
		};
		506EC41224015D850020240A /* Models */ = {
			isa = PBXGroup;
			children = (
				50CAB43224057B47005AB8AF /* MWMovie.swift */,
				502070FE241127EC002C2C2E /* MWShow.swift */,
			);
			path = Models;
			sourceTree = "<group>";
		};
		506EC41324015D8C0020240A /* Views */ = {
			isa = PBXGroup;
			children = (
				507F690B240B85B100564DEC /* Cells */,
				50CAB43424058128005AB8AF /* MWTableViewHeader.swift */,
			);
			path = Views;
			sourceTree = "<group>";
		};
		506EC41424015DA20020240A /* Controllers */ = {
			isa = PBXGroup;
			children = (
				50E10E77240168B000F774F9 /* MWSearchViewController.swift */,
			);
			path = Controllers;
			sourceTree = "<group>";
		};
		506EC41524015DA90020240A /* Views */ = {
			isa = PBXGroup;
			children = (
			);
			path = Views;
			sourceTree = "<group>";
		};
		506EC41724015DB90020240A /* Controllers */ = {
			isa = PBXGroup;
			children = (
				50E10E752401689A00F774F9 /* MWCategoryViewController.swift */,
			);
			path = Controllers;
			sourceTree = "<group>";
		};
		506EC41824015DBF0020240A /* Views */ = {
			isa = PBXGroup;
			children = (
				50E10E7C24018FDC00F774F9 /* Cells */,
			);
			path = Views;
			sourceTree = "<group>";
		};
		506EC4192401604E0020240A /* Views */ = {
			isa = PBXGroup;
			children = (
				50C713C523F96DC20043F2D1 /* MWCardView.swift */,
			);
			path = Views;
			sourceTree = "<group>";
		};
		507F690B240B85B100564DEC /* Cells */ = {
			isa = PBXGroup;
			children = (
				507F690C240B85C600564DEC /* MWCollectionViewCell.swift */,
				507F690E240B892E00564DEC /* MWCollectionTableViewCell.swift */,
			);
			path = Cells;
			sourceTree = "<group>";
		};
		50CAB42F24057929005AB8AF /* Buttons */ = {
			isa = PBXGroup;
			children = (
				50CAB43024057946005AB8AF /* MWRoundedButton.swift */,
			);
			path = Buttons;
			sourceTree = "<group>";
		};
		50E10E792401835200F774F9 /* Cells */ = {
			isa = PBXGroup;
			children = (
			);
			path = Cells;
			sourceTree = "<group>";
		};
		50E10E7C24018FDC00F774F9 /* Cells */ = {
			isa = PBXGroup;
			children = (
				50E10E7A2401860D00F774F9 /* MWTitleArrowCell.swift */,
			);
			path = Cells;
			sourceTree = "<group>";
		};
		50F700D923F7AEE00029A997 = {
			isa = PBXGroup;
			children = (
				50F700E423F7AEE00029A997 /* MovieWorld */,
				50F700E323F7AEE00029A997 /* Products */,
				C889319F9A828627D23DBBA7 /* Pods */,
				5F5BF20CA6AA0DCF60191EFB /* Frameworks */,
			);
			sourceTree = "<group>";
		};
		50F700E323F7AEE00029A997 /* Products */ = {
			isa = PBXGroup;
			children = (
				50F700E223F7AEE00029A997 /* MovieWorld.app */,
			);
			name = Products;
			sourceTree = "<group>";
		};
		50F700E423F7AEE00029A997 /* MovieWorld */ = {
			isa = PBXGroup;
			children = (
				50F700E523F7AEE00029A997 /* AppDelegate.swift */,
				50F700F323F7AEE20029A997 /* Info.plist */,
				506EC40724015C8A0020240A /* Common */,
				506EC40E24015D3B0020240A /* Features */,
				506EC40D24015D110020240A /* Utility */,
				506EC40B24015CF80020240A /* Extensions */,
				500A3A8E23F98A74004A29DE /* Resources */,
			);
			path = MovieWorld;
			sourceTree = "<group>";
		};
		5F5BF20CA6AA0DCF60191EFB /* Frameworks */ = {
			isa = PBXGroup;
			children = (
				59C6FC7A90A130B102354A99 /* Pods_MovieWorld.framework */,
			);
			name = Frameworks;
			sourceTree = "<group>";
		};
		C889319F9A828627D23DBBA7 /* Pods */ = {
			isa = PBXGroup;
			children = (
				3BCBB235D6CABA58FB477A8D /* Pods-MovieWorld.debug.xcconfig */,
				36A3E57DB34D6042BDC136E4 /* Pods-MovieWorld.release.xcconfig */,
			);
			path = Pods;
			sourceTree = "<group>";
		};
/* End PBXGroup section */

/* Begin PBXNativeTarget section */
		50F700E123F7AEE00029A997 /* MovieWorld */ = {
			isa = PBXNativeTarget;
			buildConfigurationList = 50F700F623F7AEE20029A997 /* Build configuration list for PBXNativeTarget "MovieWorld" */;
			buildPhases = (
				5AE676900275A0F7B8C7319E /* [CP] Check Pods Manifest.lock */,
				50F700DE23F7AEE00029A997 /* Sources */,
				50F700DF23F7AEE00029A997 /* Frameworks */,
				50F700E023F7AEE00029A997 /* Resources */,
				94AD1A20A22FE79CEB5FDF73 /* [CP] Embed Pods Frameworks */,
			);
			buildRules = (
			);
			dependencies = (
			);
			name = MovieWorld;
			productName = MovieWorld;
			productReference = 50F700E223F7AEE00029A997 /* MovieWorld.app */;
			productType = "com.apple.product-type.application";
		};
/* End PBXNativeTarget section */

/* Begin PBXProject section */
		50F700DA23F7AEE00029A997 /* Project object */ = {
			isa = PBXProject;
			attributes = {
				LastSwiftUpdateCheck = 1130;
				LastUpgradeCheck = 1130;
				ORGANIZATIONNAME = "Alexey Zhizhensky";
				TargetAttributes = {
					50F700E123F7AEE00029A997 = {
						CreatedOnToolsVersion = 11.3.1;
					};
				};
			};
			buildConfigurationList = 50F700DD23F7AEE00029A997 /* Build configuration list for PBXProject "MovieWorld" */;
			compatibilityVersion = "Xcode 9.3";
			developmentRegion = en;
			hasScannedForEncodings = 0;
			knownRegions = (
				en,
				Base,
			);
			mainGroup = 50F700D923F7AEE00029A997;
			productRefGroup = 50F700E323F7AEE00029A997 /* Products */;
			projectDirPath = "";
			projectRoot = "";
			targets = (
				50F700E123F7AEE00029A997 /* MovieWorld */,
			);
		};
/* End PBXProject section */

/* Begin PBXResourcesBuildPhase section */
		50F700E023F7AEE00029A997 /* Resources */ = {
			isa = PBXResourcesBuildPhase;
			buildActionMask = 2147483647;
			files = (
				5009CAF623F97AA4003758C8 /* Colors.xcassets in Resources */,
				50F700F223F7AEE20029A997 /* LaunchScreen.storyboard in Resources */,
				50F700EF23F7AEE20029A997 /* Assets.xcassets in Resources */,
			);
			runOnlyForDeploymentPostprocessing = 0;
		};
/* End PBXResourcesBuildPhase section */

/* Begin PBXShellScriptBuildPhase section */
		5AE676900275A0F7B8C7319E /* [CP] Check Pods Manifest.lock */ = {
			isa = PBXShellScriptBuildPhase;
			buildActionMask = 2147483647;
			files = (
			);
			inputFileListPaths = (
			);
			inputPaths = (
				"${PODS_PODFILE_DIR_PATH}/Podfile.lock",
				"${PODS_ROOT}/Manifest.lock",
			);
			name = "[CP] Check Pods Manifest.lock";
			outputFileListPaths = (
			);
			outputPaths = (
				"$(DERIVED_FILE_DIR)/Pods-MovieWorld-checkManifestLockResult.txt",
			);
			runOnlyForDeploymentPostprocessing = 0;
			shellPath = /bin/sh;
			shellScript = "diff \"${PODS_PODFILE_DIR_PATH}/Podfile.lock\" \"${PODS_ROOT}/Manifest.lock\" > /dev/null\nif [ $? != 0 ] ; then\n    # print error to STDERR\n    echo \"error: The sandbox is not in sync with the Podfile.lock. Run 'pod install' or update your CocoaPods installation.\" >&2\n    exit 1\nfi\n# This output is used by Xcode 'outputs' to avoid re-running this script phase.\necho \"SUCCESS\" > \"${SCRIPT_OUTPUT_FILE_0}\"\n";
			showEnvVarsInLog = 0;
		};
		94AD1A20A22FE79CEB5FDF73 /* [CP] Embed Pods Frameworks */ = {
			isa = PBXShellScriptBuildPhase;
			buildActionMask = 2147483647;
			files = (
			);
			inputFileListPaths = (
				"${PODS_ROOT}/Target Support Files/Pods-MovieWorld/Pods-MovieWorld-frameworks-${CONFIGURATION}-input-files.xcfilelist",
			);
			name = "[CP] Embed Pods Frameworks";
			outputFileListPaths = (
				"${PODS_ROOT}/Target Support Files/Pods-MovieWorld/Pods-MovieWorld-frameworks-${CONFIGURATION}-output-files.xcfilelist",
			);
			runOnlyForDeploymentPostprocessing = 0;
			shellPath = /bin/sh;
			shellScript = "\"${PODS_ROOT}/Target Support Files/Pods-MovieWorld/Pods-MovieWorld-frameworks.sh\"\n";
			showEnvVarsInLog = 0;
		};
/* End PBXShellScriptBuildPhase section */

/* Begin PBXSourcesBuildPhase section */
		50F700DE23F7AEE00029A997 /* Sources */ = {
			isa = PBXSourcesBuildPhase;
			buildActionMask = 2147483647;
			files = (
				50E10E78240168B000F774F9 /* MWSearchViewController.swift in Sources */,
				50F700EA23F7AEE00029A997 /* MWViewController.swift in Sources */,
				501906A3240BB1A8008D1009 /* MWNetwork.swift in Sources */,
				50E10E722401684100F774F9 /* MWMainTabBarController.swift in Sources */,
				507F690F240B892E00564DEC /* MWCollectionTableViewCell.swift in Sources */,
				50E10E70240165BA00F774F9 /* MWInterface.swift in Sources */,
				5016A3892413ECEF0045E9B2 /* MWConfiguration.swift in Sources */,
				50E10E762401689A00F774F9 /* MWCategoryViewController.swift in Sources */,
				5019069F240BB039008D1009 /* String+Ex.swift in Sources */,
				50F700E623F7AEE00029A997 /* AppDelegate.swift in Sources */,
				50213C4A2414058D007C7D15 /* MWInitController.swift in Sources */,
				507F690D240B85C600564DEC /* MWCollectionViewCell.swift in Sources */,
				50C713C623F96DC20043F2D1 /* MWCardView.swift in Sources */,
				50CAB43124057946005AB8AF /* MWRoundedButton.swift in Sources */,
				50E10E742401688800F774F9 /* MWMainViewController.swift in Sources */,
				50CAB43324057B47005AB8AF /* MWMovie.swift in Sources */,
				502070FF241127EC002C2C2E /* MWShow.swift in Sources */,
				50CAB43524058128005AB8AF /* MWTableViewHeader.swift in Sources */,
				50E10E7B2401860D00F774F9 /* MWTitleArrowCell.swift in Sources */,
			);
			runOnlyForDeploymentPostprocessing = 0;
		};
/* End PBXSourcesBuildPhase section */

/* Begin PBXVariantGroup section */
		50F700F023F7AEE20029A997 /* LaunchScreen.storyboard */ = {
			isa = PBXVariantGroup;
			children = (
				50F700F123F7AEE20029A997 /* Base */,
			);
			name = LaunchScreen.storyboard;
			sourceTree = "<group>";
		};
/* End PBXVariantGroup section */

/* Begin XCBuildConfiguration section */
		50F700F423F7AEE20029A997 /* Debug */ = {
			isa = XCBuildConfiguration;
			buildSettings = {
				ALWAYS_SEARCH_USER_PATHS = NO;
				CLANG_ANALYZER_NONNULL = YES;
				CLANG_ANALYZER_NUMBER_OBJECT_CONVERSION = YES_AGGRESSIVE;
				CLANG_CXX_LANGUAGE_STANDARD = "gnu++14";
				CLANG_CXX_LIBRARY = "libc++";
				CLANG_ENABLE_MODULES = YES;
				CLANG_ENABLE_OBJC_ARC = YES;
				CLANG_ENABLE_OBJC_WEAK = YES;
				CLANG_WARN_BLOCK_CAPTURE_AUTORELEASING = YES;
				CLANG_WARN_BOOL_CONVERSION = YES;
				CLANG_WARN_COMMA = YES;
				CLANG_WARN_CONSTANT_CONVERSION = YES;
				CLANG_WARN_DEPRECATED_OBJC_IMPLEMENTATIONS = YES;
				CLANG_WARN_DIRECT_OBJC_ISA_USAGE = YES_ERROR;
				CLANG_WARN_DOCUMENTATION_COMMENTS = YES;
				CLANG_WARN_EMPTY_BODY = YES;
				CLANG_WARN_ENUM_CONVERSION = YES;
				CLANG_WARN_INFINITE_RECURSION = YES;
				CLANG_WARN_INT_CONVERSION = YES;
				CLANG_WARN_NON_LITERAL_NULL_CONVERSION = YES;
				CLANG_WARN_OBJC_IMPLICIT_RETAIN_SELF = YES;
				CLANG_WARN_OBJC_LITERAL_CONVERSION = YES;
				CLANG_WARN_OBJC_ROOT_CLASS = YES_ERROR;
				CLANG_WARN_RANGE_LOOP_ANALYSIS = YES;
				CLANG_WARN_STRICT_PROTOTYPES = YES;
				CLANG_WARN_SUSPICIOUS_MOVE = YES;
				CLANG_WARN_UNGUARDED_AVAILABILITY = YES_AGGRESSIVE;
				CLANG_WARN_UNREACHABLE_CODE = YES;
				CLANG_WARN__DUPLICATE_METHOD_MATCH = YES;
				COPY_PHASE_STRIP = NO;
				DEBUG_INFORMATION_FORMAT = dwarf;
				ENABLE_STRICT_OBJC_MSGSEND = YES;
				ENABLE_TESTABILITY = YES;
				GCC_C_LANGUAGE_STANDARD = gnu11;
				GCC_DYNAMIC_NO_PIC = NO;
				GCC_NO_COMMON_BLOCKS = YES;
				GCC_OPTIMIZATION_LEVEL = 0;
				GCC_PREPROCESSOR_DEFINITIONS = (
					"DEBUG=1",
					"$(inherited)",
				);
				GCC_WARN_64_TO_32_BIT_CONVERSION = YES;
				GCC_WARN_ABOUT_RETURN_TYPE = YES_ERROR;
				GCC_WARN_UNDECLARED_SELECTOR = YES;
				GCC_WARN_UNINITIALIZED_AUTOS = YES_AGGRESSIVE;
				GCC_WARN_UNUSED_FUNCTION = YES;
				GCC_WARN_UNUSED_VARIABLE = YES;
				IPHONEOS_DEPLOYMENT_TARGET = 13.2;
				MTL_ENABLE_DEBUG_INFO = INCLUDE_SOURCE;
				MTL_FAST_MATH = YES;
				ONLY_ACTIVE_ARCH = YES;
				SDKROOT = iphoneos;
				SWIFT_ACTIVE_COMPILATION_CONDITIONS = DEBUG;
				SWIFT_OPTIMIZATION_LEVEL = "-Onone";
			};
			name = Debug;
		};
		50F700F523F7AEE20029A997 /* Release */ = {
			isa = XCBuildConfiguration;
			buildSettings = {
				ALWAYS_SEARCH_USER_PATHS = NO;
				CLANG_ANALYZER_NONNULL = YES;
				CLANG_ANALYZER_NUMBER_OBJECT_CONVERSION = YES_AGGRESSIVE;
				CLANG_CXX_LANGUAGE_STANDARD = "gnu++14";
				CLANG_CXX_LIBRARY = "libc++";
				CLANG_ENABLE_MODULES = YES;
				CLANG_ENABLE_OBJC_ARC = YES;
				CLANG_ENABLE_OBJC_WEAK = YES;
				CLANG_WARN_BLOCK_CAPTURE_AUTORELEASING = YES;
				CLANG_WARN_BOOL_CONVERSION = YES;
				CLANG_WARN_COMMA = YES;
				CLANG_WARN_CONSTANT_CONVERSION = YES;
				CLANG_WARN_DEPRECATED_OBJC_IMPLEMENTATIONS = YES;
				CLANG_WARN_DIRECT_OBJC_ISA_USAGE = YES_ERROR;
				CLANG_WARN_DOCUMENTATION_COMMENTS = YES;
				CLANG_WARN_EMPTY_BODY = YES;
				CLANG_WARN_ENUM_CONVERSION = YES;
				CLANG_WARN_INFINITE_RECURSION = YES;
				CLANG_WARN_INT_CONVERSION = YES;
				CLANG_WARN_NON_LITERAL_NULL_CONVERSION = YES;
				CLANG_WARN_OBJC_IMPLICIT_RETAIN_SELF = YES;
				CLANG_WARN_OBJC_LITERAL_CONVERSION = YES;
				CLANG_WARN_OBJC_ROOT_CLASS = YES_ERROR;
				CLANG_WARN_RANGE_LOOP_ANALYSIS = YES;
				CLANG_WARN_STRICT_PROTOTYPES = YES;
				CLANG_WARN_SUSPICIOUS_MOVE = YES;
				CLANG_WARN_UNGUARDED_AVAILABILITY = YES_AGGRESSIVE;
				CLANG_WARN_UNREACHABLE_CODE = YES;
				CLANG_WARN__DUPLICATE_METHOD_MATCH = YES;
				COPY_PHASE_STRIP = NO;
				DEBUG_INFORMATION_FORMAT = "dwarf-with-dsym";
				ENABLE_NS_ASSERTIONS = NO;
				ENABLE_STRICT_OBJC_MSGSEND = YES;
				GCC_C_LANGUAGE_STANDARD = gnu11;
				GCC_NO_COMMON_BLOCKS = YES;
				GCC_WARN_64_TO_32_BIT_CONVERSION = YES;
				GCC_WARN_ABOUT_RETURN_TYPE = YES_ERROR;
				GCC_WARN_UNDECLARED_SELECTOR = YES;
				GCC_WARN_UNINITIALIZED_AUTOS = YES_AGGRESSIVE;
				GCC_WARN_UNUSED_FUNCTION = YES;
				GCC_WARN_UNUSED_VARIABLE = YES;
				IPHONEOS_DEPLOYMENT_TARGET = 13.2;
				MTL_ENABLE_DEBUG_INFO = NO;
				MTL_FAST_MATH = YES;
				SDKROOT = iphoneos;
				SWIFT_COMPILATION_MODE = wholemodule;
				SWIFT_OPTIMIZATION_LEVEL = "-O";
				VALIDATE_PRODUCT = YES;
			};
			name = Release;
		};
		50F700F723F7AEE20029A997 /* Debug */ = {
			isa = XCBuildConfiguration;
			baseConfigurationReference = 3BCBB235D6CABA58FB477A8D /* Pods-MovieWorld.debug.xcconfig */;
			buildSettings = {
				ASSETCATALOG_COMPILER_APPICON_NAME = AppIcon;
				CODE_SIGN_STYLE = Automatic;
				DEVELOPMENT_TEAM = 3JD6AJXU8B;
				INFOPLIST_FILE = MovieWorld/Info.plist;
				IPHONEOS_DEPLOYMENT_TARGET = 11.0;
				LD_RUNPATH_SEARCH_PATHS = (
					"$(inherited)",
					"@executable_path/Frameworks",
				);
				PRODUCT_BUNDLE_IDENTIFIER = ru.clevertec.courses.MovieWorld;
				PRODUCT_NAME = "$(TARGET_NAME)";
				SWIFT_VERSION = 5.0;
				TARGETED_DEVICE_FAMILY = 1;
			};
			name = Debug;
		};
		50F700F823F7AEE20029A997 /* Release */ = {
			isa = XCBuildConfiguration;
			baseConfigurationReference = 36A3E57DB34D6042BDC136E4 /* Pods-MovieWorld.release.xcconfig */;
			buildSettings = {
				ASSETCATALOG_COMPILER_APPICON_NAME = AppIcon;
				CODE_SIGN_STYLE = Automatic;
				DEVELOPMENT_TEAM = 3JD6AJXU8B;
				INFOPLIST_FILE = MovieWorld/Info.plist;
				IPHONEOS_DEPLOYMENT_TARGET = 11.0;
				LD_RUNPATH_SEARCH_PATHS = (
					"$(inherited)",
					"@executable_path/Frameworks",
				);
				PRODUCT_BUNDLE_IDENTIFIER = ru.clevertec.courses.MovieWorld;
				PRODUCT_NAME = "$(TARGET_NAME)";
				SWIFT_VERSION = 5.0;
				TARGETED_DEVICE_FAMILY = 1;
			};
			name = Release;
		};
/* End XCBuildConfiguration section */

/* Begin XCConfigurationList section */
		50F700DD23F7AEE00029A997 /* Build configuration list for PBXProject "MovieWorld" */ = {
			isa = XCConfigurationList;
			buildConfigurations = (
				50F700F423F7AEE20029A997 /* Debug */,
				50F700F523F7AEE20029A997 /* Release */,
			);
			defaultConfigurationIsVisible = 0;
			defaultConfigurationName = Release;
		};
		50F700F623F7AEE20029A997 /* Build configuration list for PBXNativeTarget "MovieWorld" */ = {
			isa = XCConfigurationList;
			buildConfigurations = (
				50F700F723F7AEE20029A997 /* Debug */,
				50F700F823F7AEE20029A997 /* Release */,
			);
			defaultConfigurationIsVisible = 0;
			defaultConfigurationName = Release;
		};
/* End XCConfigurationList section */
	};
	rootObject = 50F700DA23F7AEE00029A997 /* Project object */;
}
